
Microsoft Visual Studio Solution File, Format Version 12.00
# Visual Studio Version 17
VisualStudioVersion = 17.7.34202.233
MinimumVisualStudioVersion = 10.0.40219.1
Project("{2150E333-8FDC-42A3-9474-1A3956D46DE8}") = "Services", "Services", "{4FF50C2F-B210-470D-AFC3-6897F3FA4B27}"
EndProject
Project("{2150E333-8FDC-42A3-9474-1A3956D46DE8}") = "Catalog", "Catalog", "{51AB2B02-1A81-4BCF-81D9-6F51AB574D2F}"
EndProject
Project("{9A19103F-16F7-4668-BE54-9A1E7A4F7556}") = "Services.Catalog", "Services\Catalog\Services.Catalog\Services.Catalog.csproj", "{646848FC-ED8C-40C0-90F9-34B4404598E2}"
EndProject
Project("{2150E333-8FDC-42A3-9474-1A3956D46DE8}") = "Shared", "Shared", "{14E65CB3-DDA4-4C0E-A3B7-677AB81BF00F}"
EndProject
Project("{9A19103F-16F7-4668-BE54-9A1E7A4F7556}") = "Shared", "Shared\Shared\Shared.csproj", "{65F2C30F-B884-4D50-91D3-B9EF7D1A1D65}"
EndProject
Project("{2150E333-8FDC-42A3-9474-1A3956D46DE8}") = "IdentityServer", "IdentityServer", "{DB712006-B63E-4DD9-851D-65C9E744352B}"
EndProject
Project("{9A19103F-16F7-4668-BE54-9A1E7A4F7556}") = "Course.IdentityServer", "IdentityServer\Course.IdentityServer\Course.IdentityServer.csproj", "{521CD3A2-E2C3-49A3-ABE9-AD077894F320}"
EndProject
Project("{2150E333-8FDC-42A3-9474-1A3956D46DE8}") = "PhotoStock", "PhotoStock", "{930F2D84-4C1C-43AF-B190-66771627E88C}"
EndProject
Project("{2150E333-8FDC-42A3-9474-1A3956D46DE8}") = "Basket", "Basket", "{7224D170-2947-4B3E-BECC-6331E59C7961}"
EndProject
Project("{2150E333-8FDC-42A3-9474-1A3956D46DE8}") = "Discount", "Discount", "{814A5C96-3A91-4F87-9CC9-664AE895DA3E}"
EndProject
Project("{9A19103F-16F7-4668-BE54-9A1E7A4F7556}") = "Services.Basket", "Services\Basket\Services.Basket\Services.Basket.csproj", "{1C6055A8-CDE6-4843-85CE-20FD9F91D6BF}"
EndProject
Project("{9A19103F-16F7-4668-BE54-9A1E7A4F7556}") = "Services.Discount", "Services\Discount\Services.Discount\Services.Discount.csproj", "{35FC8971-533C-48CD-97BE-514731DFB3B4}"
EndProject
Project("{9A19103F-16F7-4668-BE54-9A1E7A4F7556}") = "Services.PhotoStock", "Services\PhotoStock\PhotoStock\Services.PhotoStock.csproj", "{E911A057-BD82-4CD5-8A45-6F019DA2F9DF}"
EndProject
Project("{2150E333-8FDC-42A3-9474-1A3956D46DE8}") = "Çözüm Öğeleri", "Çözüm Öğeleri", "{422DAD29-522C-4FA1-B7DC-95937365783D}"
	ProjectSection(SolutionItems) = preProject
		Ports.txt = Ports.txt
	EndProjectSection
EndProject
Global
	GlobalSection(SolutionConfigurationPlatforms) = preSolution
		Debug|Any CPU = Debug|Any CPU
		Release|Any CPU = Release|Any CPU
	EndGlobalSection
	GlobalSection(ProjectConfigurationPlatforms) = postSolution
		{646848FC-ED8C-40C0-90F9-34B4404598E2}.Debug|Any CPU.ActiveCfg = Debug|Any CPU
		{646848FC-ED8C-40C0-90F9-34B4404598E2}.Debug|Any CPU.Build.0 = Debug|Any CPU
		{646848FC-ED8C-40C0-90F9-34B4404598E2}.Release|Any CPU.ActiveCfg = Release|Any CPU
		{646848FC-ED8C-40C0-90F9-34B4404598E2}.Release|Any CPU.Build.0 = Release|Any CPU
		{65F2C30F-B884-4D50-91D3-B9EF7D1A1D65}.Debug|Any CPU.ActiveCfg = Debug|Any CPU
		{65F2C30F-B884-4D50-91D3-B9EF7D1A1D65}.Debug|Any CPU.Build.0 = Debug|Any CPU
		{65F2C30F-B884-4D50-91D3-B9EF7D1A1D65}.Release|Any CPU.ActiveCfg = Release|Any CPU
		{65F2C30F-B884-4D50-91D3-B9EF7D1A1D65}.Release|Any CPU.Build.0 = Release|Any CPU
		{521CD3A2-E2C3-49A3-ABE9-AD077894F320}.Debug|Any CPU.ActiveCfg = Debug|Any CPU
		{521CD3A2-E2C3-49A3-ABE9-AD077894F320}.Debug|Any CPU.Build.0 = Debug|Any CPU
		{521CD3A2-E2C3-49A3-ABE9-AD077894F320}.Release|Any CPU.ActiveCfg = Release|Any CPU
		{521CD3A2-E2C3-49A3-ABE9-AD077894F320}.Release|Any CPU.Build.0 = Release|Any CPU
		{1C6055A8-CDE6-4843-85CE-20FD9F91D6BF}.Debug|Any CPU.ActiveCfg = Debug|Any CPU
		{1C6055A8-CDE6-4843-85CE-20FD9F91D6BF}.Debug|Any CPU.Build.0 = Debug|Any CPU
		{1C6055A8-CDE6-4843-85CE-20FD9F91D6BF}.Release|Any CPU.ActiveCfg = Release|Any CPU
		{1C6055A8-CDE6-4843-85CE-20FD9F91D6BF}.Release|Any CPU.Build.0 = Release|Any CPU
		{35FC8971-533C-48CD-97BE-514731DFB3B4}.Debug|Any CPU.ActiveCfg = Debug|Any CPU
		{35FC8971-533C-48CD-97BE-514731DFB3B4}.Debug|Any CPU.Build.0 = Debug|Any CPU
		{35FC8971-533C-48CD-97BE-514731DFB3B4}.Release|Any CPU.ActiveCfg = Release|Any CPU
		{35FC8971-533C-48CD-97BE-514731DFB3B4}.Release|Any CPU.Build.0 = Release|Any CPU
		{E911A057-BD82-4CD5-8A45-6F019DA2F9DF}.Debug|Any CPU.ActiveCfg = Debug|Any CPU
		{E911A057-BD82-4CD5-8A45-6F019DA2F9DF}.Debug|Any CPU.Build.0 = Debug|Any CPU
		{E911A057-BD82-4CD5-8A45-6F019DA2F9DF}.Release|Any CPU.ActiveCfg = Release|Any CPU
		{E911A057-BD82-4CD5-8A45-6F019DA2F9DF}.Release|Any CPU.Build.0 = Release|Any CPU
	EndGlobalSection
	GlobalSection(SolutionProperties) = preSolution
		HideSolutionNode = FALSE
	EndGlobalSection
	GlobalSection(NestedProjects) = preSolution
		{51AB2B02-1A81-4BCF-81D9-6F51AB574D2F} = {4FF50C2F-B210-470D-AFC3-6897F3FA4B27}
		{646848FC-ED8C-40C0-90F9-34B4404598E2} = {51AB2B02-1A81-4BCF-81D9-6F51AB574D2F}
		{65F2C30F-B884-4D50-91D3-B9EF7D1A1D65} = {14E65CB3-DDA4-4C0E-A3B7-677AB81BF00F}
		{521CD3A2-E2C3-49A3-ABE9-AD077894F320} = {DB712006-B63E-4DD9-851D-65C9E744352B}
		{930F2D84-4C1C-43AF-B190-66771627E88C} = {4FF50C2F-B210-470D-AFC3-6897F3FA4B27}
		{7224D170-2947-4B3E-BECC-6331E59C7961} = {4FF50C2F-B210-470D-AFC3-6897F3FA4B27}
		{814A5C96-3A91-4F87-9CC9-664AE895DA3E} = {4FF50C2F-B210-470D-AFC3-6897F3FA4B27}
		{1C6055A8-CDE6-4843-85CE-20FD9F91D6BF} = {7224D170-2947-4B3E-BECC-6331E59C7961}
		{35FC8971-533C-48CD-97BE-514731DFB3B4} = {814A5C96-3A91-4F87-9CC9-664AE895DA3E}
		{E911A057-BD82-4CD5-8A45-6F019DA2F9DF} = {930F2D84-4C1C-43AF-B190-66771627E88C}
	EndGlobalSection
	GlobalSection(ExtensibilityGlobals) = postSolution
		SolutionGuid = {A2A200B1-1926-4F36-B1B6-473787A23883}
	EndGlobalSection
EndGlobal
