
Microsoft Visual Studio Solution File, Format Version 12.00
# Visual Studio Version 17
VisualStudioVersion = 17.7.34202.233
MinimumVisualStudioVersion = 10.0.40219.1
Project("{2150E333-8FDC-42A3-9474-1A3956D46DE8}") = "Services", "Services", "{4FF50C2F-B210-470D-AFC3-6897F3FA4B27}"
EndProject
Project("{2150E333-8FDC-42A3-9474-1A3956D46DE8}") = "Catalog", "Catalog", "{51AB2B02-1A81-4BCF-81D9-6F51AB574D2F}"
EndProject
Project("{9A19103F-16F7-4668-BE54-9A1E7A4F7556}") = "Services.Catalog", "Services\Catalog\Services.Catalog\Services.Catalog.csproj", "{646848FC-ED8C-40C0-90F9-34B4404598E2}"
EndProject
Project("{2150E333-8FDC-42A3-9474-1A3956D46DE8}") = "Shared", "Shared", "{14E65CB3-DDA4-4C0E-A3B7-677AB81BF00F}"
EndProject
Project("{9A19103F-16F7-4668-BE54-9A1E7A4F7556}") = "Shared", "Shared\Shared\Shared.csproj", "{65F2C30F-B884-4D50-91D3-B9EF7D1A1D65}"
EndProject
Project("{2150E333-8FDC-42A3-9474-1A3956D46DE8}") = "IdentityServer", "IdentityServer", "{DB712006-B63E-4DD9-851D-65C9E744352B}"
EndProject
Project("{9A19103F-16F7-4668-BE54-9A1E7A4F7556}") = "Course.IdentityServer", "IdentityServer\Course.IdentityServer\Course.IdentityServer.csproj", "{521CD3A2-E2C3-49A3-ABE9-AD077894F320}"
EndProject
Project("{2150E333-8FDC-42A3-9474-1A3956D46DE8}") = "PhotoStock", "PhotoStock", "{930F2D84-4C1C-43AF-B190-66771627E88C}"
EndProject
Project("{2150E333-8FDC-42A3-9474-1A3956D46DE8}") = "Basket", "Basket", "{7224D170-2947-4B3E-BECC-6331E59C7961}"
EndProject
Project("{2150E333-8FDC-42A3-9474-1A3956D46DE8}") = "Discount", "Discount", "{814A5C96-3A91-4F87-9CC9-664AE895DA3E}"
EndProject
Project("{9A19103F-16F7-4668-BE54-9A1E7A4F7556}") = "Services.Basket", "Services\Basket\Services.Basket\Services.Basket.csproj", "{1C6055A8-CDE6-4843-85CE-20FD9F91D6BF}"
EndProject
Project("{9A19103F-16F7-4668-BE54-9A1E7A4F7556}") = "Services.Discount", "Services\Discount\Services.Discount\Services.Discount.csproj", "{35FC8971-533C-48CD-97BE-514731DFB3B4}"
EndProject
Project("{9A19103F-16F7-4668-BE54-9A1E7A4F7556}") = "Services.PhotoStock", "Services\PhotoStock\PhotoStock\Services.PhotoStock.csproj", "{E911A057-BD82-4CD5-8A45-6F019DA2F9DF}"
EndProject
Project("{2150E333-8FDC-42A3-9474-1A3956D46DE8}") = "Çözüm Öğeleri", "Çözüm Öğeleri", "{422DAD29-522C-4FA1-B7DC-95937365783D}"
	ProjectSection(SolutionItems) = preProject
		Ports.txt = Ports.txt
	EndProjectSection
EndProject
Project("{2150E333-8FDC-42A3-9474-1A3956D46DE8}") = "Order", "Order", "{B5F96226-6B77-4CCD-81AD-BCFA9CC98C7B}"
EndProject
Project("{9A19103F-16F7-4668-BE54-9A1E7A4F7556}") = "Services.Order.API", "Services\Order\Services.Order.API\Services.Order.API.csproj", "{86FF7E01-6B31-448C-9F3E-4178C3B8E449}"
EndProject
Project("{9A19103F-16F7-4668-BE54-9A1E7A4F7556}") = "Services.Order.Application", "Services\Order\Services.Order.Application\Services.Order.Application.csproj", "{F9EC3676-5084-496D-8F87-CAEC5E6095EC}"
EndProject
Project("{9A19103F-16F7-4668-BE54-9A1E7A4F7556}") = "Services.Order.Domain", "Services\Order\Services.Order.Domain\Services.Order.Domain.csproj", "{510A1CD6-0EEF-4885-AA48-AAED1D084B5F}"
EndProject
Project("{9A19103F-16F7-4668-BE54-9A1E7A4F7556}") = "Services.Order.Domain.Core", "Services\Order\Services.Order.Domain.Core\Services.Order.Domain.Core.csproj", "{6633670B-64FE-403D-8FD0-B0ABE540A227}"
EndProject
Project("{9A19103F-16F7-4668-BE54-9A1E7A4F7556}") = "Services.Order.Infrastructure", "Services\Order\Services.Order.Infrastructure\Services.Order.Infrastructure.csproj", "{C1F474F2-6349-4FBC-B358-8098F9A55DF8}"
EndProject
Project("{2150E333-8FDC-42A3-9474-1A3956D46DE8}") = "FakePayment", "FakePayment", "{55C8692A-9322-4D59-8DA2-48D78E3F70D8}"
EndProject
Project("{9A19103F-16F7-4668-BE54-9A1E7A4F7556}") = "Services.FakePayment", "Services\FakePayment\Services.FakePayment\Services.FakePayment.csproj", "{AD6EC3F1-F19B-4089-8D4F-DE609F967C73}"
EndProject
Project("{2150E333-8FDC-42A3-9474-1A3956D46DE8}") = "Gateways", "Gateways", "{E2B6BEC4-54D0-46D1-9CEF-C50EEE7054D3}"
EndProject
Project("{FAE04EC0-301F-11D3-BF4B-00C04F79EFBC}") = "Gateway", "Gateways\Gateway\Gateway.csproj", "{CD2AD533-01F1-4C6A-953D-0DE0DAB88933}"
EndProject
Global
	GlobalSection(SolutionConfigurationPlatforms) = preSolution
		Debug|Any CPU = Debug|Any CPU
		Release|Any CPU = Release|Any CPU
	EndGlobalSection
	GlobalSection(ProjectConfigurationPlatforms) = postSolution
		{646848FC-ED8C-40C0-90F9-34B4404598E2}.Debug|Any CPU.ActiveCfg = Debug|Any CPU
		{646848FC-ED8C-40C0-90F9-34B4404598E2}.Debug|Any CPU.Build.0 = Debug|Any CPU
		{646848FC-ED8C-40C0-90F9-34B4404598E2}.Release|Any CPU.ActiveCfg = Release|Any CPU
		{646848FC-ED8C-40C0-90F9-34B4404598E2}.Release|Any CPU.Build.0 = Release|Any CPU
		{65F2C30F-B884-4D50-91D3-B9EF7D1A1D65}.Debug|Any CPU.ActiveCfg = Debug|Any CPU
		{65F2C30F-B884-4D50-91D3-B9EF7D1A1D65}.Debug|Any CPU.Build.0 = Debug|Any CPU
		{65F2C30F-B884-4D50-91D3-B9EF7D1A1D65}.Release|Any CPU.ActiveCfg = Release|Any CPU
		{65F2C30F-B884-4D50-91D3-B9EF7D1A1D65}.Release|Any CPU.Build.0 = Release|Any CPU
		{521CD3A2-E2C3-49A3-ABE9-AD077894F320}.Debug|Any CPU.ActiveCfg = Debug|Any CPU
		{521CD3A2-E2C3-49A3-ABE9-AD077894F320}.Debug|Any CPU.Build.0 = Debug|Any CPU
		{521CD3A2-E2C3-49A3-ABE9-AD077894F320}.Release|Any CPU.ActiveCfg = Release|Any CPU
		{521CD3A2-E2C3-49A3-ABE9-AD077894F320}.Release|Any CPU.Build.0 = Release|Any CPU
		{1C6055A8-CDE6-4843-85CE-20FD9F91D6BF}.Debug|Any CPU.ActiveCfg = Debug|Any CPU
		{1C6055A8-CDE6-4843-85CE-20FD9F91D6BF}.Debug|Any CPU.Build.0 = Debug|Any CPU
		{1C6055A8-CDE6-4843-85CE-20FD9F91D6BF}.Release|Any CPU.ActiveCfg = Release|Any CPU
		{1C6055A8-CDE6-4843-85CE-20FD9F91D6BF}.Release|Any CPU.Build.0 = Release|Any CPU
		{35FC8971-533C-48CD-97BE-514731DFB3B4}.Debug|Any CPU.ActiveCfg = Debug|Any CPU
		{35FC8971-533C-48CD-97BE-514731DFB3B4}.Debug|Any CPU.Build.0 = Debug|Any CPU
		{35FC8971-533C-48CD-97BE-514731DFB3B4}.Release|Any CPU.ActiveCfg = Release|Any CPU
		{35FC8971-533C-48CD-97BE-514731DFB3B4}.Release|Any CPU.Build.0 = Release|Any CPU
		{E911A057-BD82-4CD5-8A45-6F019DA2F9DF}.Debug|Any CPU.ActiveCfg = Debug|Any CPU
		{E911A057-BD82-4CD5-8A45-6F019DA2F9DF}.Debug|Any CPU.Build.0 = Debug|Any CPU
		{E911A057-BD82-4CD5-8A45-6F019DA2F9DF}.Release|Any CPU.ActiveCfg = Release|Any CPU
		{E911A057-BD82-4CD5-8A45-6F019DA2F9DF}.Release|Any CPU.Build.0 = Release|Any CPU
		{86FF7E01-6B31-448C-9F3E-4178C3B8E449}.Debug|Any CPU.ActiveCfg = Debug|Any CPU
		{86FF7E01-6B31-448C-9F3E-4178C3B8E449}.Debug|Any CPU.Build.0 = Debug|Any CPU
		{86FF7E01-6B31-448C-9F3E-4178C3B8E449}.Release|Any CPU.ActiveCfg = Release|Any CPU
		{86FF7E01-6B31-448C-9F3E-4178C3B8E449}.Release|Any CPU.Build.0 = Release|Any CPU
		{F9EC3676-5084-496D-8F87-CAEC5E6095EC}.Debug|Any CPU.ActiveCfg = Debug|Any CPU
		{F9EC3676-5084-496D-8F87-CAEC5E6095EC}.Debug|Any CPU.Build.0 = Debug|Any CPU
		{F9EC3676-5084-496D-8F87-CAEC5E6095EC}.Release|Any CPU.ActiveCfg = Release|Any CPU
		{F9EC3676-5084-496D-8F87-CAEC5E6095EC}.Release|Any CPU.Build.0 = Release|Any CPU
		{510A1CD6-0EEF-4885-AA48-AAED1D084B5F}.Debug|Any CPU.ActiveCfg = Debug|Any CPU
		{510A1CD6-0EEF-4885-AA48-AAED1D084B5F}.Debug|Any CPU.Build.0 = Debug|Any CPU
		{510A1CD6-0EEF-4885-AA48-AAED1D084B5F}.Release|Any CPU.ActiveCfg = Release|Any CPU
		{510A1CD6-0EEF-4885-AA48-AAED1D084B5F}.Release|Any CPU.Build.0 = Release|Any CPU
		{6633670B-64FE-403D-8FD0-B0ABE540A227}.Debug|Any CPU.ActiveCfg = Debug|Any CPU
		{6633670B-64FE-403D-8FD0-B0ABE540A227}.Debug|Any CPU.Build.0 = Debug|Any CPU
		{6633670B-64FE-403D-8FD0-B0ABE540A227}.Release|Any CPU.ActiveCfg = Release|Any CPU
		{6633670B-64FE-403D-8FD0-B0ABE540A227}.Release|Any CPU.Build.0 = Release|Any CPU
		{C1F474F2-6349-4FBC-B358-8098F9A55DF8}.Debug|Any CPU.ActiveCfg = Debug|Any CPU
		{C1F474F2-6349-4FBC-B358-8098F9A55DF8}.Debug|Any CPU.Build.0 = Debug|Any CPU
		{C1F474F2-6349-4FBC-B358-8098F9A55DF8}.Release|Any CPU.ActiveCfg = Release|Any CPU
		{C1F474F2-6349-4FBC-B358-8098F9A55DF8}.Release|Any CPU.Build.0 = Release|Any CPU
		{AD6EC3F1-F19B-4089-8D4F-DE609F967C73}.Debug|Any CPU.ActiveCfg = Debug|Any CPU
		{AD6EC3F1-F19B-4089-8D4F-DE609F967C73}.Debug|Any CPU.Build.0 = Debug|Any CPU
		{AD6EC3F1-F19B-4089-8D4F-DE609F967C73}.Release|Any CPU.ActiveCfg = Release|Any CPU
		{AD6EC3F1-F19B-4089-8D4F-DE609F967C73}.Release|Any CPU.Build.0 = Release|Any CPU
		{CD2AD533-01F1-4C6A-953D-0DE0DAB88933}.Debug|Any CPU.ActiveCfg = Debug|Any CPU
		{CD2AD533-01F1-4C6A-953D-0DE0DAB88933}.Debug|Any CPU.Build.0 = Debug|Any CPU
		{CD2AD533-01F1-4C6A-953D-0DE0DAB88933}.Release|Any CPU.ActiveCfg = Release|Any CPU
		{CD2AD533-01F1-4C6A-953D-0DE0DAB88933}.Release|Any CPU.Build.0 = Release|Any CPU
	EndGlobalSection
	GlobalSection(SolutionProperties) = preSolution
		HideSolutionNode = FALSE
	EndGlobalSection
	GlobalSection(NestedProjects) = preSolution
		{51AB2B02-1A81-4BCF-81D9-6F51AB574D2F} = {4FF50C2F-B210-470D-AFC3-6897F3FA4B27}
		{646848FC-ED8C-40C0-90F9-34B4404598E2} = {51AB2B02-1A81-4BCF-81D9-6F51AB574D2F}
		{65F2C30F-B884-4D50-91D3-B9EF7D1A1D65} = {14E65CB3-DDA4-4C0E-A3B7-677AB81BF00F}
		{521CD3A2-E2C3-49A3-ABE9-AD077894F320} = {DB712006-B63E-4DD9-851D-65C9E744352B}
		{930F2D84-4C1C-43AF-B190-66771627E88C} = {4FF50C2F-B210-470D-AFC3-6897F3FA4B27}
		{7224D170-2947-4B3E-BECC-6331E59C7961} = {4FF50C2F-B210-470D-AFC3-6897F3FA4B27}
		{814A5C96-3A91-4F87-9CC9-664AE895DA3E} = {4FF50C2F-B210-470D-AFC3-6897F3FA4B27}
		{1C6055A8-CDE6-4843-85CE-20FD9F91D6BF} = {7224D170-2947-4B3E-BECC-6331E59C7961}
		{35FC8971-533C-48CD-97BE-514731DFB3B4} = {814A5C96-3A91-4F87-9CC9-664AE895DA3E}
		{E911A057-BD82-4CD5-8A45-6F019DA2F9DF} = {930F2D84-4C1C-43AF-B190-66771627E88C}
		{B5F96226-6B77-4CCD-81AD-BCFA9CC98C7B} = {4FF50C2F-B210-470D-AFC3-6897F3FA4B27}
		{86FF7E01-6B31-448C-9F3E-4178C3B8E449} = {B5F96226-6B77-4CCD-81AD-BCFA9CC98C7B}
		{F9EC3676-5084-496D-8F87-CAEC5E6095EC} = {B5F96226-6B77-4CCD-81AD-BCFA9CC98C7B}
		{510A1CD6-0EEF-4885-AA48-AAED1D084B5F} = {B5F96226-6B77-4CCD-81AD-BCFA9CC98C7B}
		{6633670B-64FE-403D-8FD0-B0ABE540A227} = {B5F96226-6B77-4CCD-81AD-BCFA9CC98C7B}
		{C1F474F2-6349-4FBC-B358-8098F9A55DF8} = {B5F96226-6B77-4CCD-81AD-BCFA9CC98C7B}
		{55C8692A-9322-4D59-8DA2-48D78E3F70D8} = {4FF50C2F-B210-470D-AFC3-6897F3FA4B27}
		{AD6EC3F1-F19B-4089-8D4F-DE609F967C73} = {55C8692A-9322-4D59-8DA2-48D78E3F70D8}
		{CD2AD533-01F1-4C6A-953D-0DE0DAB88933} = {E2B6BEC4-54D0-46D1-9CEF-C50EEE7054D3}
	EndGlobalSection
	GlobalSection(ExtensibilityGlobals) = postSolution
		SolutionGuid = {A2A200B1-1926-4F36-B1B6-473787A23883}
	EndGlobalSection
EndGlobal
